
Microsoft Visual Studio Solution File, Format Version 12.00
# Visual Studio Version 17
VisualStudioVersion = 17.2.32630.192
MinimumVisualStudioVersion = 10.0.40219.1
Project("{9A19103F-16F7-4668-BE54-9A1E7A4F7556}") = "BethanysPieShopHRM.Server", "BethanysPieShopHRM.Server\BethanysPieShopHRM.Server.csproj", "{D36EEB21-2F8E-430B-A0DC-8606C50E2C67}"
EndProject
Project("{9A19103F-16F7-4668-BE54-9A1E7A4F7556}") = "BethanysPieShopHRM.Shared", "BethanysPieShopHRM.Shared\BethanysPieShopHRM.Shared.csproj", "{AB293A44-7A7B-4BA0-AA92-7407D7C2AFDB}"
EndProject
Project("{9A19103F-16F7-4668-BE54-9A1E7A4F7556}") = "BethanysPieShop.Api", "BethanysPieShop.Api\BethanysPieShop.Api.csproj", "{82241EF2-DE15-41C6-A1E1-9208310D163F}"
EndProject
Project("{9A19103F-16F7-4668-BE54-9A1E7A4F7556}") = "BethanysPieShopHRM.ComponentsLibrary", "BethanysPieShopHRM.ComponentsLibrary\BethanysPieShopHRM.ComponentsLibrary.csproj", "{A42027F8-333F-4DAD-818B-135BCB861FD9}"
EndProject
Global
	GlobalSection(SolutionConfigurationPlatforms) = preSolution
		Debug|Any CPU = Debug|Any CPU
		Release|Any CPU = Release|Any CPU
	EndGlobalSection
	GlobalSection(ProjectConfigurationPlatforms) = postSolution
		{D36EEB21-2F8E-430B-A0DC-8606C50E2C67}.Debug|Any CPU.ActiveCfg = Debug|Any CPU
		{D36EEB21-2F8E-430B-A0DC-8606C50E2C67}.Debug|Any CPU.Build.0 = Debug|Any CPU
		{D36EEB21-2F8E-430B-A0DC-8606C50E2C67}.Release|Any CPU.ActiveCfg = Release|Any CPU
		{D36EEB21-2F8E-430B-A0DC-8606C50E2C67}.Release|Any CPU.Build.0 = Release|Any CPU
		{AB293A44-7A7B-4BA0-AA92-7407D7C2AFDB}.Debug|Any CPU.ActiveCfg = Debug|Any CPU
		{AB293A44-7A7B-4BA0-AA92-7407D7C2AFDB}.Debug|Any CPU.Build.0 = Debug|Any CPU
		{AB293A44-7A7B-4BA0-AA92-7407D7C2AFDB}.Release|Any CPU.ActiveCfg = Release|Any CPU
		{AB293A44-7A7B-4BA0-AA92-7407D7C2AFDB}.Release|Any CPU.Build.0 = Release|Any CPU
		{82241EF2-DE15-41C6-A1E1-9208310D163F}.Debug|Any CPU.ActiveCfg = Debug|Any CPU
		{82241EF2-DE15-41C6-A1E1-9208310D163F}.Debug|Any CPU.Build.0 = Debug|Any CPU
		{82241EF2-DE15-41C6-A1E1-9208310D163F}.Release|Any CPU.ActiveCfg = Release|Any CPU
		{82241EF2-DE15-41C6-A1E1-9208310D163F}.Release|Any CPU.Build.0 = Release|Any CPU
		{A42027F8-333F-4DAD-818B-135BCB861FD9}.Debug|Any CPU.ActiveCfg = Debug|Any CPU
		{A42027F8-333F-4DAD-818B-135BCB861FD9}.Debug|Any CPU.Build.0 = Debug|Any CPU
		{A42027F8-333F-4DAD-818B-135BCB861FD9}.Release|Any CPU.ActiveCfg = Release|Any CPU
		{A42027F8-333F-4DAD-818B-135BCB861FD9}.Release|Any CPU.Build.0 = Release|Any CPU
	EndGlobalSection
	GlobalSection(SolutionProperties) = preSolution
		HideSolutionNode = FALSE
	EndGlobalSection
	GlobalSection(ExtensibilityGlobals) = postSolution
		SolutionGuid = {661E7140-3044-4466-9B03-B0E08896F172}
	EndGlobalSection
EndGlobal
